// !$*UTF8*$!
{
	archiveVersion = 1;
	classes = {
	};
	objectVersion = 56;
	objects = {

/* Begin PBXBuildFile section */
		FF2EE4E72ABECC61000522CF /* UserRowView.swift in Sources */ = {isa = PBXBuildFile; fileRef = FF2EE4E62ABECC61000522CF /* UserRowView.swift */; };
		FF2EE4EC2ABEF082000522CF /* SideMenuView.swift in Sources */ = {isa = PBXBuildFile; fileRef = FF2EE4EB2ABEF082000522CF /* SideMenuView.swift */; };
		FF2EE4EE2ABEF09C000522CF /* SideMenuRowView.swift in Sources */ = {isa = PBXBuildFile; fileRef = FF2EE4ED2ABEF09C000522CF /* SideMenuRowView.swift */; };
		FF2EE4F02ABEF0C3000522CF /* SideMenuViewModel.swift in Sources */ = {isa = PBXBuildFile; fileRef = FF2EE4EF2ABEF0C3000522CF /* SideMenuViewModel.swift */; };
		FF2EE4F22ABEF43A000522CF /* UserStatsView.swift in Sources */ = {isa = PBXBuildFile; fileRef = FF2EE4F12ABEF43A000522CF /* UserStatsView.swift */; };
		FF2EE4F42ABF0D5F000522CF /* SideMenuOptionRowView.swift in Sources */ = {isa = PBXBuildFile; fileRef = FF2EE4F32ABF0D5F000522CF /* SideMenuOptionRowView.swift */; };
		FF2EE4F92ABF144E000522CF /* NewTweetView.swift in Sources */ = {isa = PBXBuildFile; fileRef = FF2EE4F82ABF144E000522CF /* NewTweetView.swift */; };
		FF2EE4FB2ABF1C2F000522CF /* TextAreaView.swift in Sources */ = {isa = PBXBuildFile; fileRef = FF2EE4FA2ABF1C2F000522CF /* TextAreaView.swift */; };
		FF2EE5002ABF20B6000522CF /* LoginView.swift in Sources */ = {isa = PBXBuildFile; fileRef = FF2EE4FF2ABF20B6000522CF /* LoginView.swift */; };
		FF2EE5022ABF20C0000522CF /* RegistrationView.swift in Sources */ = {isa = PBXBuildFile; fileRef = FF2EE5012ABF20C0000522CF /* RegistrationView.swift */; };
		FF2EE5042ABF23EE000522CF /* RoundedShape.swift in Sources */ = {isa = PBXBuildFile; fileRef = FF2EE5032ABF23EE000522CF /* RoundedShape.swift */; };
		FF44B9202ABC8117005B87F4 /* TwitterSwiftUIApp.swift in Sources */ = {isa = PBXBuildFile; fileRef = FF44B91F2ABC8117005B87F4 /* TwitterSwiftUIApp.swift */; };
		FF44B9222ABC8117005B87F4 /* ContentView.swift in Sources */ = {isa = PBXBuildFile; fileRef = FF44B9212ABC8117005B87F4 /* ContentView.swift */; };
		FF44B9242ABC8118005B87F4 /* Assets.xcassets in Resources */ = {isa = PBXBuildFile; fileRef = FF44B9232ABC8118005B87F4 /* Assets.xcassets */; };
		FF44B9282ABC8118005B87F4 /* Preview Assets.xcassets in Resources */ = {isa = PBXBuildFile; fileRef = FF44B9272ABC8118005B87F4 /* Preview Assets.xcassets */; };
		FF44B9372ABC8257005B87F4 /* FeedView.swift in Sources */ = {isa = PBXBuildFile; fileRef = FF44B9362ABC8257005B87F4 /* FeedView.swift */; };
		FF44B93A2ABC85FC005B87F4 /* TweetRowView.swift in Sources */ = {isa = PBXBuildFile; fileRef = FF44B9392ABC85FC005B87F4 /* TweetRowView.swift */; };
		FF44B93D2ABC8A97005B87F4 /* MainTabView.swift in Sources */ = {isa = PBXBuildFile; fileRef = FF44B93C2ABC8A97005B87F4 /* MainTabView.swift */; };
		FF44B9432ABC8BEE005B87F4 /* ExploreView.swift in Sources */ = {isa = PBXBuildFile; fileRef = FF44B9422ABC8BEE005B87F4 /* ExploreView.swift */; };
		FF44B9452ABC8C0D005B87F4 /* NotificationsView.swift in Sources */ = {isa = PBXBuildFile; fileRef = FF44B9442ABC8C0D005B87F4 /* NotificationsView.swift */; };
		FF44B9472ABC8C21005B87F4 /* MessagesView.swift in Sources */ = {isa = PBXBuildFile; fileRef = FF44B9462ABC8C21005B87F4 /* MessagesView.swift */; };
		FF44B94B2ABC8D6A005B87F4 /* ProfileView.swift in Sources */ = {isa = PBXBuildFile; fileRef = FF44B94A2ABC8D6A005B87F4 /* ProfileView.swift */; };
		FF5F92742ABEC64E00A33B9C /* TweetFilterViewModel.swift in Sources */ = {isa = PBXBuildFile; fileRef = FF5F92732ABEC64E00A33B9C /* TweetFilterViewModel.swift */; };
/* End PBXBuildFile section */

/* Begin PBXFileReference section */
		FF2EE4E62ABECC61000522CF /* UserRowView.swift */ = {isa = PBXFileReference; lastKnownFileType = sourcecode.swift; path = UserRowView.swift; sourceTree = "<group>"; };
		FF2EE4EB2ABEF082000522CF /* SideMenuView.swift */ = {isa = PBXFileReference; lastKnownFileType = sourcecode.swift; path = SideMenuView.swift; sourceTree = "<group>"; };
		FF2EE4ED2ABEF09C000522CF /* SideMenuRowView.swift */ = {isa = PBXFileReference; lastKnownFileType = sourcecode.swift; path = SideMenuRowView.swift; sourceTree = "<group>"; };
		FF2EE4EF2ABEF0C3000522CF /* SideMenuViewModel.swift */ = {isa = PBXFileReference; lastKnownFileType = sourcecode.swift; path = SideMenuViewModel.swift; sourceTree = "<group>"; };
		FF2EE4F12ABEF43A000522CF /* UserStatsView.swift */ = {isa = PBXFileReference; lastKnownFileType = sourcecode.swift; path = UserStatsView.swift; sourceTree = "<group>"; };
		FF2EE4F32ABF0D5F000522CF /* SideMenuOptionRowView.swift */ = {isa = PBXFileReference; lastKnownFileType = sourcecode.swift; path = SideMenuOptionRowView.swift; sourceTree = "<group>"; };
		FF2EE4F82ABF144E000522CF /* NewTweetView.swift */ = {isa = PBXFileReference; lastKnownFileType = sourcecode.swift; path = NewTweetView.swift; sourceTree = "<group>"; };
		FF2EE4FA2ABF1C2F000522CF /* TextAreaView.swift */ = {isa = PBXFileReference; lastKnownFileType = sourcecode.swift; path = TextAreaView.swift; sourceTree = "<group>"; };
		FF2EE4FF2ABF20B6000522CF /* LoginView.swift */ = {isa = PBXFileReference; lastKnownFileType = sourcecode.swift; path = LoginView.swift; sourceTree = "<group>"; };
		FF2EE5012ABF20C0000522CF /* RegistrationView.swift */ = {isa = PBXFileReference; lastKnownFileType = sourcecode.swift; path = RegistrationView.swift; sourceTree = "<group>"; };
		FF2EE5032ABF23EE000522CF /* RoundedShape.swift */ = {isa = PBXFileReference; lastKnownFileType = sourcecode.swift; path = RoundedShape.swift; sourceTree = "<group>"; };
		FF44B91C2ABC8117005B87F4 /* TwitterSwiftUI.app */ = {isa = PBXFileReference; explicitFileType = wrapper.application; includeInIndex = 0; path = TwitterSwiftUI.app; sourceTree = BUILT_PRODUCTS_DIR; };
		FF44B91F2ABC8117005B87F4 /* TwitterSwiftUIApp.swift */ = {isa = PBXFileReference; lastKnownFileType = sourcecode.swift; path = TwitterSwiftUIApp.swift; sourceTree = "<group>"; };
		FF44B9212ABC8117005B87F4 /* ContentView.swift */ = {isa = PBXFileReference; lastKnownFileType = sourcecode.swift; path = ContentView.swift; sourceTree = "<group>"; };
		FF44B9232ABC8118005B87F4 /* Assets.xcassets */ = {isa = PBXFileReference; lastKnownFileType = folder.assetcatalog; path = Assets.xcassets; sourceTree = "<group>"; };
		FF44B9252ABC8118005B87F4 /* TwitterSwiftUI.entitlements */ = {isa = PBXFileReference; lastKnownFileType = text.plist.entitlements; path = TwitterSwiftUI.entitlements; sourceTree = "<group>"; };
		FF44B9272ABC8118005B87F4 /* Preview Assets.xcassets */ = {isa = PBXFileReference; lastKnownFileType = folder.assetcatalog; path = "Preview Assets.xcassets"; sourceTree = "<group>"; };
		FF44B9362ABC8257005B87F4 /* FeedView.swift */ = {isa = PBXFileReference; lastKnownFileType = sourcecode.swift; path = FeedView.swift; sourceTree = "<group>"; };
		FF44B9392ABC85FC005B87F4 /* TweetRowView.swift */ = {isa = PBXFileReference; lastKnownFileType = sourcecode.swift; path = TweetRowView.swift; sourceTree = "<group>"; };
		FF44B93C2ABC8A97005B87F4 /* MainTabView.swift */ = {isa = PBXFileReference; lastKnownFileType = sourcecode.swift; path = MainTabView.swift; sourceTree = "<group>"; };
		FF44B9422ABC8BEE005B87F4 /* ExploreView.swift */ = {isa = PBXFileReference; lastKnownFileType = sourcecode.swift; path = ExploreView.swift; sourceTree = "<group>"; };
		FF44B9442ABC8C0D005B87F4 /* NotificationsView.swift */ = {isa = PBXFileReference; lastKnownFileType = sourcecode.swift; path = NotificationsView.swift; sourceTree = "<group>"; };
		FF44B9462ABC8C21005B87F4 /* MessagesView.swift */ = {isa = PBXFileReference; lastKnownFileType = sourcecode.swift; path = MessagesView.swift; sourceTree = "<group>"; };
		FF44B94A2ABC8D6A005B87F4 /* ProfileView.swift */ = {isa = PBXFileReference; lastKnownFileType = sourcecode.swift; path = ProfileView.swift; sourceTree = "<group>"; };
		FF5F92732ABEC64E00A33B9C /* TweetFilterViewModel.swift */ = {isa = PBXFileReference; lastKnownFileType = sourcecode.swift; path = TweetFilterViewModel.swift; sourceTree = "<group>"; };
/* End PBXFileReference section */

/* Begin PBXFrameworksBuildPhase section */
		FF44B9192ABC8117005B87F4 /* Frameworks */ = {
			isa = PBXFrameworksBuildPhase;
			buildActionMask = 2147483647;
			files = (
			);
			runOnlyForDeploymentPostprocessing = 0;
		};
/* End PBXFrameworksBuildPhase section */

/* Begin PBXGroup section */
		FF2EE4E22ABECC13000522CF /* Views */ = {
			isa = PBXGroup;
			children = (
				FF44B9422ABC8BEE005B87F4 /* ExploreView.swift */,
			);
			path = Views;
			sourceTree = "<group>";
		};
		FF2EE4E32ABECC1C000522CF /* ViewModels */ = {
			isa = PBXGroup;
			children = (
			);
			path = ViewModels;
			sourceTree = "<group>";
		};
		FF2EE4E42ABECC40000522CF /* Users */ = {
			isa = PBXGroup;
			children = (
				FF2EE4E62ABECC61000522CF /* UserRowView.swift */,
				FF2EE4F12ABEF43A000522CF /* UserStatsView.swift */,
			);
			path = Users;
			sourceTree = "<group>";
		};
		FF2EE4E82ABEF042000522CF /* SideMenu */ = {
			isa = PBXGroup;
			children = (
				FF2EE4EA2ABEF066000522CF /* Views */,
				FF2EE4E92ABEF060000522CF /* ViewModel */,
			);
			path = SideMenu;
			sourceTree = "<group>";
		};
		FF2EE4E92ABEF060000522CF /* ViewModel */ = {
			isa = PBXGroup;
			children = (
				FF2EE4EF2ABEF0C3000522CF /* SideMenuViewModel.swift */,
			);
			path = ViewModel;
			sourceTree = "<group>";
		};
		FF2EE4EA2ABEF066000522CF /* Views */ = {
			isa = PBXGroup;
			children = (
				FF2EE4EB2ABEF082000522CF /* SideMenuView.swift */,
				FF2EE4ED2ABEF09C000522CF /* SideMenuRowView.swift */,
				FF2EE4F32ABF0D5F000522CF /* SideMenuOptionRowView.swift */,
			);
			path = Views;
			sourceTree = "<group>";
		};
		FF2EE4F52ABF142A000522CF /* UploadTweetView */ = {
			isa = PBXGroup;
			children = (
				FF2EE4F72ABF1441000522CF /* Views */,
				FF2EE4F62ABF143B000522CF /* ViewModel */,
			);
			path = UploadTweetView;
			sourceTree = "<group>";
		};
		FF2EE4F62ABF143B000522CF /* ViewModel */ = {
			isa = PBXGroup;
			children = (
			);
			path = ViewModel;
			sourceTree = "<group>";
		};
		FF2EE4F72ABF1441000522CF /* Views */ = {
			isa = PBXGroup;
			children = (
				FF2EE4F82ABF144E000522CF /* NewTweetView.swift */,
			);
			path = Views;
			sourceTree = "<group>";
		};
		FF2EE4FC2ABF2080000522CF /* Authentication */ = {
			isa = PBXGroup;
			children = (
				FF2EE4FE2ABF2094000522CF /* Views */,
				FF2EE4FD2ABF208E000522CF /* ViewModel */,
			);
			path = Authentication;
			sourceTree = "<group>";
		};
		FF2EE4FD2ABF208E000522CF /* ViewModel */ = {
			isa = PBXGroup;
			children = (
			);
			path = ViewModel;
			sourceTree = "<group>";
		};
		FF2EE4FE2ABF2094000522CF /* Views */ = {
			isa = PBXGroup;
			children = (
				FF2EE4FF2ABF20B6000522CF /* LoginView.swift */,
				FF2EE5012ABF20C0000522CF /* RegistrationView.swift */,
			);
			path = Views;
			sourceTree = "<group>";
		};
		FF44B9132ABC8117005B87F4 = {
			isa = PBXGroup;
			children = (
				FF44B91E2ABC8117005B87F4 /* TwitterSwiftUI */,
				FF44B91D2ABC8117005B87F4 /* Products */,
			);
			sourceTree = "<group>";
		};
		FF44B91D2ABC8117005B87F4 /* Products */ = {
			isa = PBXGroup;
			children = (
				FF44B91C2ABC8117005B87F4 /* TwitterSwiftUI.app */,
			);
			name = Products;
			sourceTree = "<group>";
		};
		FF44B91E2ABC8117005B87F4 /* TwitterSwiftUI */ = {
			isa = PBXGroup;
			children = (
				FF44B9302ABC8134005B87F4 /* Extensions */,
				FF44B9312ABC814C005B87F4 /* Model */,
				FF44B92F2ABC8132005B87F4 /* Service */,
				FF44B92E2ABC812F005B87F4 /* Core */,
				FF44B91F2ABC8117005B87F4 /* TwitterSwiftUIApp.swift */,
				FF44B9212ABC8117005B87F4 /* ContentView.swift */,
				FF44B9232ABC8118005B87F4 /* Assets.xcassets */,
				FF44B9252ABC8118005B87F4 /* TwitterSwiftUI.entitlements */,
				FF44B9262ABC8118005B87F4 /* Preview Content */,
			);
			path = TwitterSwiftUI;
			sourceTree = "<group>";
		};
		FF44B9262ABC8118005B87F4 /* Preview Content */ = {
			isa = PBXGroup;
			children = (
				FF44B9272ABC8118005B87F4 /* Preview Assets.xcassets */,
			);
			path = "Preview Content";
			sourceTree = "<group>";
		};
		FF44B92E2ABC812F005B87F4 /* Core */ = {
			isa = PBXGroup;
			children = (
				FF44B9322ABC8170005B87F4 /* Components */,
				FF2EE4FC2ABF2080000522CF /* Authentication */,
				FF2EE4F52ABF142A000522CF /* UploadTweetView */,
				FF2EE4E82ABEF042000522CF /* SideMenu */,
				FF44B93B2ABC8A7D005B87F4 /* MainTab */,
				FF44B9332ABC817F005B87F4 /* Feed */,
				FF44B93E2ABC8B7B005B87F4 /* Explore */,
				FF44B93F2ABC8B88005B87F4 /* Notifications */,
				FF44B9402ABC8B97005B87F4 /* Messages */,
				FF44B9412ABC8BB9005B87F4 /* Profile */,
			);
			path = Core;
			sourceTree = "<group>";
		};
		FF44B92F2ABC8132005B87F4 /* Service */ = {
			isa = PBXGroup;
			children = (
			);
			path = Service;
			sourceTree = "<group>";
		};
		FF44B9302ABC8134005B87F4 /* Extensions */ = {
			isa = PBXGroup;
			children = (
			);
			path = Extensions;
			sourceTree = "<group>";
		};
		FF44B9312ABC814C005B87F4 /* Model */ = {
			isa = PBXGroup;
			children = (
			);
			path = Model;
			sourceTree = "<group>";
		};
		FF44B9322ABC8170005B87F4 /* Components */ = {
			isa = PBXGroup;
			children = (
				FF2EE4E42ABECC40000522CF /* Users */,
				FF44B9382ABC859A005B87F4 /* Tweets */,
				FF2EE4FA2ABF1C2F000522CF /* TextAreaView.swift */,
				FF2EE5032ABF23EE000522CF /* RoundedShape.swift */,
			);
			path = Components;
			sourceTree = "<group>";
		};
		FF44B9332ABC817F005B87F4 /* Feed */ = {
			isa = PBXGroup;
			children = (
				FF44B9352ABC8232005B87F4 /* View */,
				FF44B9342ABC822C005B87F4 /* ViewModels */,
			);
			name = Feed;
			sourceTree = "<group>";
		};
		FF44B9342ABC822C005B87F4 /* ViewModels */ = {
			isa = PBXGroup;
			children = (
			);
			name = ViewModels;
			sourceTree = "<group>";
		};
		FF44B9352ABC8232005B87F4 /* View */ = {
			isa = PBXGroup;
			children = (
				FF44B9362ABC8257005B87F4 /* FeedView.swift */,
			);
			name = View;
			sourceTree = "<group>";
		};
		FF44B9382ABC859A005B87F4 /* Tweets */ = {
			isa = PBXGroup;
			children = (
				FF44B9392ABC85FC005B87F4 /* TweetRowView.swift */,
			);
			path = Tweets;
			sourceTree = "<group>";
		};
		FF44B93B2ABC8A7D005B87F4 /* MainTab */ = {
			isa = PBXGroup;
			children = (
				FF44B93C2ABC8A97005B87F4 /* MainTabView.swift */,
			);
			path = MainTab;
			sourceTree = "<group>";
		};
		FF44B93E2ABC8B7B005B87F4 /* Explore */ = {
			isa = PBXGroup;
			children = (
				FF2EE4E32ABECC1C000522CF /* ViewModels */,
				FF2EE4E22ABECC13000522CF /* Views */,
			);
			path = Explore;
			sourceTree = "<group>";
		};
		FF44B93F2ABC8B88005B87F4 /* Notifications */ = {
			isa = PBXGroup;
			children = (
				FF44B9442ABC8C0D005B87F4 /* NotificationsView.swift */,
			);
			path = Notifications;
			sourceTree = "<group>";
		};
		FF44B9402ABC8B97005B87F4 /* Messages */ = {
			isa = PBXGroup;
			children = (
				FF44B9462ABC8C21005B87F4 /* MessagesView.swift */,
			);
			path = Messages;
			sourceTree = "<group>";
		};
		FF44B9412ABC8BB9005B87F4 /* Profile */ = {
			isa = PBXGroup;
			children = (
				FF44B9492ABC8D59005B87F4 /* Views */,
				FF44B9482ABC8D54005B87F4 /* ViewModels */,
			);
			path = Profile;
			sourceTree = "<group>";
		};
		FF44B9482ABC8D54005B87F4 /* ViewModels */ = {
			isa = PBXGroup;
			children = (
				FF5F92732ABEC64E00A33B9C /* TweetFilterViewModel.swift */,
			);
			path = ViewModels;
			sourceTree = "<group>";
		};
		FF44B9492ABC8D59005B87F4 /* Views */ = {
			isa = PBXGroup;
			children = (
				FF44B94A2ABC8D6A005B87F4 /* ProfileView.swift */,
			);
			path = Views;
			sourceTree = "<group>";
		};
/* End PBXGroup section */

/* Begin PBXNativeTarget section */
		FF44B91B2ABC8117005B87F4 /* TwitterSwiftUI */ = {
			isa = PBXNativeTarget;
			buildConfigurationList = FF44B92B2ABC8118005B87F4 /* Build configuration list for PBXNativeTarget "TwitterSwiftUI" */;
			buildPhases = (
				FF44B9182ABC8117005B87F4 /* Sources */,
				FF44B9192ABC8117005B87F4 /* Frameworks */,
				FF44B91A2ABC8117005B87F4 /* Resources */,
			);
			buildRules = (
			);
			dependencies = (
			);
			name = TwitterSwiftUI;
			productName = TwitterSwiftUI;
			productReference = FF44B91C2ABC8117005B87F4 /* TwitterSwiftUI.app */;
			productType = "com.apple.product-type.application";
		};
/* End PBXNativeTarget section */

/* Begin PBXProject section */
		FF44B9142ABC8117005B87F4 /* Project object */ = {
			isa = PBXProject;
			attributes = {
				BuildIndependentTargetsInParallel = 1;
				LastSwiftUpdateCheck = 1400;
				LastUpgradeCheck = 1400;
				TargetAttributes = {
					FF44B91B2ABC8117005B87F4 = {
						CreatedOnToolsVersion = 14.0;
					};
				};
			};
			buildConfigurationList = FF44B9172ABC8117005B87F4 /* Build configuration list for PBXProject "TwitterSwiftUI" */;
			compatibilityVersion = "Xcode 14.0";
			developmentRegion = en;
			hasScannedForEncodings = 0;
			knownRegions = (
				en,
				Base,
			);
			mainGroup = FF44B9132ABC8117005B87F4;
			productRefGroup = FF44B91D2ABC8117005B87F4 /* Products */;
			projectDirPath = "";
			projectRoot = "";
			targets = (
				FF44B91B2ABC8117005B87F4 /* TwitterSwiftUI */,
			);
		};
/* End PBXProject section */

/* Begin PBXResourcesBuildPhase section */
		FF44B91A2ABC8117005B87F4 /* Resources */ = {
			isa = PBXResourcesBuildPhase;
			buildActionMask = 2147483647;
			files = (
				FF44B9282ABC8118005B87F4 /* Preview Assets.xcassets in Resources */,
				FF44B9242ABC8118005B87F4 /* Assets.xcassets in Resources */,
			);
			runOnlyForDeploymentPostprocessing = 0;
		};
/* End PBXResourcesBuildPhase section */

/* Begin PBXSourcesBuildPhase section */
		FF44B9182ABC8117005B87F4 /* Sources */ = {
			isa = PBXSourcesBuildPhase;
			buildActionMask = 2147483647;
			files = (
				FF44B9472ABC8C21005B87F4 /* MessagesView.swift in Sources */,
				FF44B94B2ABC8D6A005B87F4 /* ProfileView.swift in Sources */,
				FF2EE4FB2ABF1C2F000522CF /* TextAreaView.swift in Sources */,
				FF44B9222ABC8117005B87F4 /* ContentView.swift in Sources */,
				FF2EE4EE2ABEF09C000522CF /* SideMenuRowView.swift in Sources */,
				FF44B93A2ABC85FC005B87F4 /* TweetRowView.swift in Sources */,
				FF5F92742ABEC64E00A33B9C /* TweetFilterViewModel.swift in Sources */,
				FF44B9372ABC8257005B87F4 /* FeedView.swift in Sources */,
				FF2EE4EC2ABEF082000522CF /* SideMenuView.swift in Sources */,
				FF44B9202ABC8117005B87F4 /* TwitterSwiftUIApp.swift in Sources */,
				FF44B9432ABC8BEE005B87F4 /* ExploreView.swift in Sources */,
				FF2EE4F02ABEF0C3000522CF /* SideMenuViewModel.swift in Sources */,
				FF2EE4F92ABF144E000522CF /* NewTweetView.swift in Sources */,
				FF2EE4E72ABECC61000522CF /* UserRowView.swift in Sources */,
				FF2EE5042ABF23EE000522CF /* RoundedShape.swift in Sources */,
				FF2EE4F42ABF0D5F000522CF /* SideMenuOptionRowView.swift in Sources */,
				FF44B93D2ABC8A97005B87F4 /* MainTabView.swift in Sources */,
				FF2EE5002ABF20B6000522CF /* LoginView.swift in Sources */,
				FF44B9452ABC8C0D005B87F4 /* NotificationsView.swift in Sources */,
				FF2EE4F22ABEF43A000522CF /* UserStatsView.swift in Sources */,
				FF2EE5022ABF20C0000522CF /* RegistrationView.swift in Sources */,
			);
			runOnlyForDeploymentPostprocessing = 0;
		};
/* End PBXSourcesBuildPhase section */

/* Begin XCBuildConfiguration section */
		FF44B9292ABC8118005B87F4 /* Debug */ = {
			isa = XCBuildConfiguration;
			buildSettings = {
				ALWAYS_SEARCH_USER_PATHS = NO;
				CLANG_ANALYZER_NONNULL = YES;
				CLANG_ANALYZER_NUMBER_OBJECT_CONVERSION = YES_AGGRESSIVE;
				CLANG_CXX_LANGUAGE_STANDARD = "gnu++20";
				CLANG_ENABLE_MODULES = YES;
				CLANG_ENABLE_OBJC_ARC = YES;
				CLANG_ENABLE_OBJC_WEAK = YES;
				CLANG_WARN_BLOCK_CAPTURE_AUTORELEASING = YES;
				CLANG_WARN_BOOL_CONVERSION = YES;
				CLANG_WARN_COMMA = YES;
				CLANG_WARN_CONSTANT_CONVERSION = YES;
				CLANG_WARN_DEPRECATED_OBJC_IMPLEMENTATIONS = YES;
				CLANG_WARN_DIRECT_OBJC_ISA_USAGE = YES_ERROR;
				CLANG_WARN_DOCUMENTATION_COMMENTS = YES;
				CLANG_WARN_EMPTY_BODY = YES;
				CLANG_WARN_ENUM_CONVERSION = YES;
				CLANG_WARN_INFINITE_RECURSION = YES;
				CLANG_WARN_INT_CONVERSION = YES;
				CLANG_WARN_NON_LITERAL_NULL_CONVERSION = YES;
				CLANG_WARN_OBJC_IMPLICIT_RETAIN_SELF = YES;
				CLANG_WARN_OBJC_LITERAL_CONVERSION = YES;
				CLANG_WARN_OBJC_ROOT_CLASS = YES_ERROR;
				CLANG_WARN_QUOTED_INCLUDE_IN_FRAMEWORK_HEADER = YES;
				CLANG_WARN_RANGE_LOOP_ANALYSIS = YES;
				CLANG_WARN_STRICT_PROTOTYPES = YES;
				CLANG_WARN_SUSPICIOUS_MOVE = YES;
				CLANG_WARN_UNGUARDED_AVAILABILITY = YES_AGGRESSIVE;
				CLANG_WARN_UNREACHABLE_CODE = YES;
				CLANG_WARN__DUPLICATE_METHOD_MATCH = YES;
				COPY_PHASE_STRIP = NO;
				DEBUG_INFORMATION_FORMAT = dwarf;
				ENABLE_STRICT_OBJC_MSGSEND = YES;
				ENABLE_TESTABILITY = YES;
				GCC_C_LANGUAGE_STANDARD = gnu11;
				GCC_DYNAMIC_NO_PIC = NO;
				GCC_NO_COMMON_BLOCKS = YES;
				GCC_OPTIMIZATION_LEVEL = 0;
				GCC_PREPROCESSOR_DEFINITIONS = (
					"DEBUG=1",
					"$(inherited)",
				);
				GCC_WARN_64_TO_32_BIT_CONVERSION = YES;
				GCC_WARN_ABOUT_RETURN_TYPE = YES_ERROR;
				GCC_WARN_UNDECLARED_SELECTOR = YES;
				GCC_WARN_UNINITIALIZED_AUTOS = YES_AGGRESSIVE;
				GCC_WARN_UNUSED_FUNCTION = YES;
				GCC_WARN_UNUSED_VARIABLE = YES;
				MTL_ENABLE_DEBUG_INFO = INCLUDE_SOURCE;
				MTL_FAST_MATH = YES;
				ONLY_ACTIVE_ARCH = YES;
				SWIFT_ACTIVE_COMPILATION_CONDITIONS = DEBUG;
				SWIFT_OPTIMIZATION_LEVEL = "-Onone";
			};
			name = Debug;
		};
		FF44B92A2ABC8118005B87F4 /* Release */ = {
			isa = XCBuildConfiguration;
			buildSettings = {
				ALWAYS_SEARCH_USER_PATHS = NO;
				CLANG_ANALYZER_NONNULL = YES;
				CLANG_ANALYZER_NUMBER_OBJECT_CONVERSION = YES_AGGRESSIVE;
				CLANG_CXX_LANGUAGE_STANDARD = "gnu++20";
				CLANG_ENABLE_MODULES = YES;
				CLANG_ENABLE_OBJC_ARC = YES;
				CLANG_ENABLE_OBJC_WEAK = YES;
				CLANG_WARN_BLOCK_CAPTURE_AUTORELEASING = YES;
				CLANG_WARN_BOOL_CONVERSION = YES;
				CLANG_WARN_COMMA = YES;
				CLANG_WARN_CONSTANT_CONVERSION = YES;
				CLANG_WARN_DEPRECATED_OBJC_IMPLEMENTATIONS = YES;
				CLANG_WARN_DIRECT_OBJC_ISA_USAGE = YES_ERROR;
				CLANG_WARN_DOCUMENTATION_COMMENTS = YES;
				CLANG_WARN_EMPTY_BODY = YES;
				CLANG_WARN_ENUM_CONVERSION = YES;
				CLANG_WARN_INFINITE_RECURSION = YES;
				CLANG_WARN_INT_CONVERSION = YES;
				CLANG_WARN_NON_LITERAL_NULL_CONVERSION = YES;
				CLANG_WARN_OBJC_IMPLICIT_RETAIN_SELF = YES;
				CLANG_WARN_OBJC_LITERAL_CONVERSION = YES;
				CLANG_WARN_OBJC_ROOT_CLASS = YES_ERROR;
				CLANG_WARN_QUOTED_INCLUDE_IN_FRAMEWORK_HEADER = YES;
				CLANG_WARN_RANGE_LOOP_ANALYSIS = YES;
				CLANG_WARN_STRICT_PROTOTYPES = YES;
				CLANG_WARN_SUSPICIOUS_MOVE = YES;
				CLANG_WARN_UNGUARDED_AVAILABILITY = YES_AGGRESSIVE;
				CLANG_WARN_UNREACHABLE_CODE = YES;
				CLANG_WARN__DUPLICATE_METHOD_MATCH = YES;
				COPY_PHASE_STRIP = NO;
				DEBUG_INFORMATION_FORMAT = "dwarf-with-dsym";
				ENABLE_NS_ASSERTIONS = NO;
				ENABLE_STRICT_OBJC_MSGSEND = YES;
				GCC_C_LANGUAGE_STANDARD = gnu11;
				GCC_NO_COMMON_BLOCKS = YES;
				GCC_WARN_64_TO_32_BIT_CONVERSION = YES;
				GCC_WARN_ABOUT_RETURN_TYPE = YES_ERROR;
				GCC_WARN_UNDECLARED_SELECTOR = YES;
				GCC_WARN_UNINITIALIZED_AUTOS = YES_AGGRESSIVE;
				GCC_WARN_UNUSED_FUNCTION = YES;
				GCC_WARN_UNUSED_VARIABLE = YES;
				MTL_ENABLE_DEBUG_INFO = NO;
				MTL_FAST_MATH = YES;
				SWIFT_COMPILATION_MODE = wholemodule;
				SWIFT_OPTIMIZATION_LEVEL = "-O";
			};
			name = Release;
		};
		FF44B92C2ABC8118005B87F4 /* Debug */ = {
			isa = XCBuildConfiguration;
			buildSettings = {
				ASSETCATALOG_COMPILER_APPICON_NAME = AppIcon;
				ASSETCATALOG_COMPILER_GLOBAL_ACCENT_COLOR_NAME = AccentColor;
				CODE_SIGN_ENTITLEMENTS = TwitterSwiftUI/TwitterSwiftUI.entitlements;
				CODE_SIGN_STYLE = Automatic;
				CURRENT_PROJECT_VERSION = 1;
				DEVELOPMENT_ASSET_PATHS = "\"TwitterSwiftUI/Preview Content\"";
				DEVELOPMENT_TEAM = FRBYK4548E;
				ENABLE_HARDENED_RUNTIME = YES;
				ENABLE_PREVIEWS = YES;
				GENERATE_INFOPLIST_FILE = YES;
				"INFOPLIST_KEY_UIApplicationSceneManifest_Generation[sdk=iphoneos*]" = YES;
				"INFOPLIST_KEY_UIApplicationSceneManifest_Generation[sdk=iphonesimulator*]" = YES;
				"INFOPLIST_KEY_UIApplicationSupportsIndirectInputEvents[sdk=iphoneos*]" = YES;
				"INFOPLIST_KEY_UIApplicationSupportsIndirectInputEvents[sdk=iphonesimulator*]" = YES;
				"INFOPLIST_KEY_UILaunchScreen_Generation[sdk=iphoneos*]" = YES;
				"INFOPLIST_KEY_UILaunchScreen_Generation[sdk=iphonesimulator*]" = YES;
				"INFOPLIST_KEY_UIStatusBarStyle[sdk=iphoneos*]" = UIStatusBarStyleDefault;
				"INFOPLIST_KEY_UIStatusBarStyle[sdk=iphonesimulator*]" = UIStatusBarStyleDefault;
				INFOPLIST_KEY_UISupportedInterfaceOrientations_iPad = "UIInterfaceOrientationPortrait UIInterfaceOrientationPortraitUpsideDown UIInterfaceOrientationLandscapeLeft UIInterfaceOrientationLandscapeRight";
				INFOPLIST_KEY_UISupportedInterfaceOrientations_iPhone = "UIInterfaceOrientationPortrait UIInterfaceOrientationLandscapeLeft UIInterfaceOrientationLandscapeRight";
				IPHONEOS_DEPLOYMENT_TARGET = 16.0;
				LD_RUNPATH_SEARCH_PATHS = "@executable_path/Frameworks";
				"LD_RUNPATH_SEARCH_PATHS[sdk=macosx*]" = "@executable_path/../Frameworks";
				MACOSX_DEPLOYMENT_TARGET = 12.3;
				MARKETING_VERSION = 1.0;
				PRODUCT_BUNDLE_IDENTIFIER = boardguy.TwitterSwiftUI;
				PRODUCT_NAME = "$(TARGET_NAME)";
				SDKROOT = auto;
				SUPPORTED_PLATFORMS = "iphoneos iphonesimulator macosx";
				SWIFT_EMIT_LOC_STRINGS = YES;
				SWIFT_VERSION = 5.0;
				TARGETED_DEVICE_FAMILY = "1,2";
			};
			name = Debug;
		};
		FF44B92D2ABC8118005B87F4 /* Release */ = {
			isa = XCBuildConfiguration;
			buildSettings = {
				ASSETCATALOG_COMPILER_APPICON_NAME = AppIcon;
				ASSETCATALOG_COMPILER_GLOBAL_ACCENT_COLOR_NAME = AccentColor;
				CODE_SIGN_ENTITLEMENTS = TwitterSwiftUI/TwitterSwiftUI.entitlements;
				CODE_SIGN_STYLE = Automatic;
				CURRENT_PROJECT_VERSION = 1;
				DEVELOPMENT_ASSET_PATHS = "\"TwitterSwiftUI/Preview Content\"";
				DEVELOPMENT_TEAM = FRBYK4548E;
				ENABLE_HARDENED_RUNTIME = YES;
				ENABLE_PREVIEWS = YES;
				GENERATE_INFOPLIST_FILE = YES;
				"INFOPLIST_KEY_UIApplicationSceneManifest_Generation[sdk=iphoneos*]" = YES;
				"INFOPLIST_KEY_UIApplicationSceneManifest_Generation[sdk=iphonesimulator*]" = YES;
				"INFOPLIST_KEY_UIApplicationSupportsIndirectInputEvents[sdk=iphoneos*]" = YES;
				"INFOPLIST_KEY_UIApplicationSupportsIndirectInputEvents[sdk=iphonesimulator*]" = YES;
				"INFOPLIST_KEY_UILaunchScreen_Generation[sdk=iphoneos*]" = YES;
				"INFOPLIST_KEY_UILaunchScreen_Generation[sdk=iphonesimulator*]" = YES;
				"INFOPLIST_KEY_UIStatusBarStyle[sdk=iphoneos*]" = UIStatusBarStyleDefault;
				"INFOPLIST_KEY_UIStatusBarStyle[sdk=iphonesimulator*]" = UIStatusBarStyleDefault;
				INFOPLIST_KEY_UISupportedInterfaceOrientations_iPad = "UIInterfaceOrientationPortrait UIInterfaceOrientationPortraitUpsideDown UIInterfaceOrientationLandscapeLeft UIInterfaceOrientationLandscapeRight";
				INFOPLIST_KEY_UISupportedInterfaceOrientations_iPhone = "UIInterfaceOrientationPortrait UIInterfaceOrientationLandscapeLeft UIInterfaceOrientationLandscapeRight";
				IPHONEOS_DEPLOYMENT_TARGET = 16.0;
				LD_RUNPATH_SEARCH_PATHS = "@executable_path/Frameworks";
				"LD_RUNPATH_SEARCH_PATHS[sdk=macosx*]" = "@executable_path/../Frameworks";
				MACOSX_DEPLOYMENT_TARGET = 12.3;
				MARKETING_VERSION = 1.0;
				PRODUCT_BUNDLE_IDENTIFIER = boardguy.TwitterSwiftUI;
				PRODUCT_NAME = "$(TARGET_NAME)";
				SDKROOT = auto;
				SUPPORTED_PLATFORMS = "iphoneos iphonesimulator macosx";
				SWIFT_EMIT_LOC_STRINGS = YES;
				SWIFT_VERSION = 5.0;
				TARGETED_DEVICE_FAMILY = "1,2";
			};
			name = Release;
		};
/* End XCBuildConfiguration section */

/* Begin XCConfigurationList section */
		FF44B9172ABC8117005B87F4 /* Build configuration list for PBXProject "TwitterSwiftUI" */ = {
			isa = XCConfigurationList;
			buildConfigurations = (
				FF44B9292ABC8118005B87F4 /* Debug */,
				FF44B92A2ABC8118005B87F4 /* Release */,
			);
			defaultConfigurationIsVisible = 0;
			defaultConfigurationName = Release;
		};
		FF44B92B2ABC8118005B87F4 /* Build configuration list for PBXNativeTarget "TwitterSwiftUI" */ = {
			isa = XCConfigurationList;
			buildConfigurations = (
				FF44B92C2ABC8118005B87F4 /* Debug */,
				FF44B92D2ABC8118005B87F4 /* Release */,
			);
			defaultConfigurationIsVisible = 0;
			defaultConfigurationName = Release;
		};
/* End XCConfigurationList section */
	};
	rootObject = FF44B9142ABC8117005B87F4 /* Project object */;
}
